// !$*UTF8*$!
{
	archiveVersion = 1;
	classes = {
	};
	objectVersion = 56;
	objects = {

/* Begin PBXBuildFile section */
		C734C69E2B853A7600416B50 /* AppDelegate.swift in Sources */ = {isa = PBXBuildFile; fileRef = C734C69D2B853A7600416B50 /* AppDelegate.swift */; };
		C734C6A02B853A7600416B50 /* SceneDelegate.swift in Sources */ = {isa = PBXBuildFile; fileRef = C734C69F2B853A7600416B50 /* SceneDelegate.swift */; };
		C734C6A72B853A7700416B50 /* Assets.xcassets in Resources */ = {isa = PBXBuildFile; fileRef = C734C6A62B853A7700416B50 /* Assets.xcassets */; };
		C734C6AA2B853A7700416B50 /* LaunchScreen.storyboard in Resources */ = {isa = PBXBuildFile; fileRef = C734C6A82B853A7700416B50 /* LaunchScreen.storyboard */; };
		C734C6B52B853A7800416B50 /* GHFollowersTests.swift in Sources */ = {isa = PBXBuildFile; fileRef = C734C6B42B853A7800416B50 /* GHFollowersTests.swift */; };
		C734C6BF2B853A7800416B50 /* GHFollowersUITests.swift in Sources */ = {isa = PBXBuildFile; fileRef = C734C6BE2B853A7800416B50 /* GHFollowersUITests.swift */; };
		C734C6C12B853A7800416B50 /* GHFollowersUITestsLaunchTests.swift in Sources */ = {isa = PBXBuildFile; fileRef = C734C6C02B853A7800416B50 /* GHFollowersUITestsLaunchTests.swift */; };
		C734C6CE2B85429E00416B50 /* SearchVC.swift in Sources */ = {isa = PBXBuildFile; fileRef = C734C6CD2B85429E00416B50 /* SearchVC.swift */; };
		C734C6D02B8542C900416B50 /* FavoriteListVC.swift in Sources */ = {isa = PBXBuildFile; fileRef = C734C6CF2B8542C900416B50 /* FavoriteListVC.swift */; };
		C734C6D22B85469400416B50 /* GFButton.swift in Sources */ = {isa = PBXBuildFile; fileRef = C734C6D12B85469400416B50 /* GFButton.swift */; };
		C734C6D42B85497900416B50 /* GFTextField.swift in Sources */ = {isa = PBXBuildFile; fileRef = C734C6D32B85497900416B50 /* GFTextField.swift */; };
/* End PBXBuildFile section */

/* Begin PBXContainerItemProxy section */
		C734C6B12B853A7800416B50 /* PBXContainerItemProxy */ = {
			isa = PBXContainerItemProxy;
			containerPortal = C734C6922B853A7600416B50 /* Project object */;
			proxyType = 1;
			remoteGlobalIDString = C734C6992B853A7600416B50;
			remoteInfo = GHFollowers;
		};
		C734C6BB2B853A7800416B50 /* PBXContainerItemProxy */ = {
			isa = PBXContainerItemProxy;
			containerPortal = C734C6922B853A7600416B50 /* Project object */;
			proxyType = 1;
			remoteGlobalIDString = C734C6992B853A7600416B50;
			remoteInfo = GHFollowers;
		};
/* End PBXContainerItemProxy section */

/* Begin PBXFileReference section */
		C734C69A2B853A7600416B50 /* GHFollowers.app */ = {isa = PBXFileReference; explicitFileType = wrapper.application; includeInIndex = 0; path = GHFollowers.app; sourceTree = BUILT_PRODUCTS_DIR; };
		C734C69D2B853A7600416B50 /* AppDelegate.swift */ = {isa = PBXFileReference; lastKnownFileType = sourcecode.swift; path = AppDelegate.swift; sourceTree = "<group>"; };
		C734C69F2B853A7600416B50 /* SceneDelegate.swift */ = {isa = PBXFileReference; lastKnownFileType = sourcecode.swift; path = SceneDelegate.swift; sourceTree = "<group>"; };
		C734C6A62B853A7700416B50 /* Assets.xcassets */ = {isa = PBXFileReference; lastKnownFileType = folder.assetcatalog; path = Assets.xcassets; sourceTree = "<group>"; };
		C734C6A92B853A7700416B50 /* Base */ = {isa = PBXFileReference; lastKnownFileType = file.storyboard; name = Base; path = Base.lproj/LaunchScreen.storyboard; sourceTree = "<group>"; };
		C734C6AB2B853A7700416B50 /* Info.plist */ = {isa = PBXFileReference; lastKnownFileType = text.plist.xml; path = Info.plist; sourceTree = "<group>"; };
		C734C6B02B853A7800416B50 /* GHFollowersTests.xctest */ = {isa = PBXFileReference; explicitFileType = wrapper.cfbundle; includeInIndex = 0; path = GHFollowersTests.xctest; sourceTree = BUILT_PRODUCTS_DIR; };
		C734C6B42B853A7800416B50 /* GHFollowersTests.swift */ = {isa = PBXFileReference; lastKnownFileType = sourcecode.swift; path = GHFollowersTests.swift; sourceTree = "<group>"; };
		C734C6BA2B853A7800416B50 /* GHFollowersUITests.xctest */ = {isa = PBXFileReference; explicitFileType = wrapper.cfbundle; includeInIndex = 0; path = GHFollowersUITests.xctest; sourceTree = BUILT_PRODUCTS_DIR; };
		C734C6BE2B853A7800416B50 /* GHFollowersUITests.swift */ = {isa = PBXFileReference; lastKnownFileType = sourcecode.swift; path = GHFollowersUITests.swift; sourceTree = "<group>"; };
		C734C6C02B853A7800416B50 /* GHFollowersUITestsLaunchTests.swift */ = {isa = PBXFileReference; lastKnownFileType = sourcecode.swift; path = GHFollowersUITestsLaunchTests.swift; sourceTree = "<group>"; };
		C734C6CD2B85429E00416B50 /* SearchVC.swift */ = {isa = PBXFileReference; lastKnownFileType = sourcecode.swift; path = SearchVC.swift; sourceTree = "<group>"; };
		C734C6CF2B8542C900416B50 /* FavoriteListVC.swift */ = {isa = PBXFileReference; lastKnownFileType = sourcecode.swift; path = FavoriteListVC.swift; sourceTree = "<group>"; };
		C734C6D12B85469400416B50 /* GFButton.swift */ = {isa = PBXFileReference; lastKnownFileType = sourcecode.swift; path = GFButton.swift; sourceTree = "<group>"; };
		C734C6D32B85497900416B50 /* GFTextField.swift */ = {isa = PBXFileReference; lastKnownFileType = sourcecode.swift; path = GFTextField.swift; sourceTree = "<group>"; };
/* End PBXFileReference section */

/* Begin PBXFrameworksBuildPhase section */
		C734C6972B853A7600416B50 /* Frameworks */ = {
			isa = PBXFrameworksBuildPhase;
			buildActionMask = 2147483647;
			files = (
			);
			runOnlyForDeploymentPostprocessing = 0;
		};
		C734C6AD2B853A7800416B50 /* Frameworks */ = {
			isa = PBXFrameworksBuildPhase;
			buildActionMask = 2147483647;
			files = (
			);
			runOnlyForDeploymentPostprocessing = 0;
		};
		C734C6B72B853A7800416B50 /* Frameworks */ = {
			isa = PBXFrameworksBuildPhase;
			buildActionMask = 2147483647;
			files = (
			);
			runOnlyForDeploymentPostprocessing = 0;
		};
/* End PBXFrameworksBuildPhase section */

/* Begin PBXGroup section */
		C734C6912B853A7600416B50 = {
			isa = PBXGroup;
			children = (
				C734C69C2B853A7600416B50 /* GHFollowers */,
				C734C6B32B853A7800416B50 /* GHFollowersTests */,
				C734C6BD2B853A7800416B50 /* GHFollowersUITests */,
				C734C69B2B853A7600416B50 /* Products */,
			);
			sourceTree = "<group>";
		};
		C734C69B2B853A7600416B50 /* Products */ = {
			isa = PBXGroup;
			children = (
				C734C69A2B853A7600416B50 /* GHFollowers.app */,
				C734C6B02B853A7800416B50 /* GHFollowersTests.xctest */,
				C734C6BA2B853A7800416B50 /* GHFollowersUITests.xctest */,
			);
			name = Products;
			sourceTree = "<group>";
		};
		C734C69C2B853A7600416B50 /* GHFollowers */ = {
			isa = PBXGroup;
			children = (
				C734C6D12B85469400416B50 /* GFButton.swift */,
				C734C69D2B853A7600416B50 /* AppDelegate.swift */,
				C734C69F2B853A7600416B50 /* SceneDelegate.swift */,
				C734C6A62B853A7700416B50 /* Assets.xcassets */,
				C734C6A82B853A7700416B50 /* LaunchScreen.storyboard */,
				C734C6AB2B853A7700416B50 /* Info.plist */,
				C734C6CD2B85429E00416B50 /* SearchVC.swift */,
				C734C6CF2B8542C900416B50 /* FavoriteListVC.swift */,
				C734C6D32B85497900416B50 /* GFTextField.swift */,
			);
			path = GHFollowers;
			sourceTree = "<group>";
		};
		C734C6B32B853A7800416B50 /* GHFollowersTests */ = {
			isa = PBXGroup;
			children = (
				C734C6B42B853A7800416B50 /* GHFollowersTests.swift */,
			);
			path = GHFollowersTests;
			sourceTree = "<group>";
		};
		C734C6BD2B853A7800416B50 /* GHFollowersUITests */ = {
			isa = PBXGroup;
			children = (
				C734C6BE2B853A7800416B50 /* GHFollowersUITests.swift */,
				C734C6C02B853A7800416B50 /* GHFollowersUITestsLaunchTests.swift */,
			);
			path = GHFollowersUITests;
			sourceTree = "<group>";
		};
/* End PBXGroup section */

/* Begin PBXNativeTarget section */
		C734C6992B853A7600416B50 /* GHFollowers */ = {
			isa = PBXNativeTarget;
			buildConfigurationList = C734C6C42B853A7800416B50 /* Build configuration list for PBXNativeTarget "GHFollowers" */;
			buildPhases = (
				C734C6962B853A7600416B50 /* Sources */,
				C734C6972B853A7600416B50 /* Frameworks */,
				C734C6982B853A7600416B50 /* Resources */,
			);
			buildRules = (
			);
			dependencies = (
			);
			name = GHFollowers;
			productName = GHFollowers;
			productReference = C734C69A2B853A7600416B50 /* GHFollowers.app */;
			productType = "com.apple.product-type.application";
		};
		C734C6AF2B853A7800416B50 /* GHFollowersTests */ = {
			isa = PBXNativeTarget;
			buildConfigurationList = C734C6C72B853A7800416B50 /* Build configuration list for PBXNativeTarget "GHFollowersTests" */;
			buildPhases = (
				C734C6AC2B853A7800416B50 /* Sources */,
				C734C6AD2B853A7800416B50 /* Frameworks */,
				C734C6AE2B853A7800416B50 /* Resources */,
			);
			buildRules = (
			);
			dependencies = (
				C734C6B22B853A7800416B50 /* PBXTargetDependency */,
			);
			name = GHFollowersTests;
			productName = GHFollowersTests;
			productReference = C734C6B02B853A7800416B50 /* GHFollowersTests.xctest */;
			productType = "com.apple.product-type.bundle.unit-test";
		};
		C734C6B92B853A7800416B50 /* GHFollowersUITests */ = {
			isa = PBXNativeTarget;
			buildConfigurationList = C734C6CA2B853A7800416B50 /* Build configuration list for PBXNativeTarget "GHFollowersUITests" */;
			buildPhases = (
				C734C6B62B853A7800416B50 /* Sources */,
				C734C6B72B853A7800416B50 /* Frameworks */,
				C734C6B82B853A7800416B50 /* Resources */,
			);
			buildRules = (
			);
			dependencies = (
				C734C6BC2B853A7800416B50 /* PBXTargetDependency */,
			);
			name = GHFollowersUITests;
			productName = GHFollowersUITests;
			productReference = C734C6BA2B853A7800416B50 /* GHFollowersUITests.xctest */;
			productType = "com.apple.product-type.bundle.ui-testing";
		};
/* End PBXNativeTarget section */

/* Begin PBXProject section */
		C734C6922B853A7600416B50 /* Project object */ = {
			isa = PBXProject;
			attributes = {
				BuildIndependentTargetsInParallel = 1;
				LastSwiftUpdateCheck = 1520;
				LastUpgradeCheck = 1520;
				TargetAttributes = {
					C734C6992B853A7600416B50 = {
						CreatedOnToolsVersion = 15.2;
					};
					C734C6AF2B853A7800416B50 = {
						CreatedOnToolsVersion = 15.2;
						TestTargetID = C734C6992B853A7600416B50;
					};
					C734C6B92B853A7800416B50 = {
						CreatedOnToolsVersion = 15.2;
						TestTargetID = C734C6992B853A7600416B50;
					};
				};
			};
			buildConfigurationList = C734C6952B853A7600416B50 /* Build configuration list for PBXProject "GHFollowers" */;
			compatibilityVersion = "Xcode 14.0";
			developmentRegion = en;
			hasScannedForEncodings = 0;
			knownRegions = (
				en,
				Base,
			);
			mainGroup = C734C6912B853A7600416B50;
			productRefGroup = C734C69B2B853A7600416B50 /* Products */;
			projectDirPath = "";
			projectRoot = "";
			targets = (
				C734C6992B853A7600416B50 /* GHFollowers */,
				C734C6AF2B853A7800416B50 /* GHFollowersTests */,
				C734C6B92B853A7800416B50 /* GHFollowersUITests */,
			);
		};
/* End PBXProject section */

/* Begin PBXResourcesBuildPhase section */
		C734C6982B853A7600416B50 /* Resources */ = {
			isa = PBXResourcesBuildPhase;
			buildActionMask = 2147483647;
			files = (
				C734C6AA2B853A7700416B50 /* LaunchScreen.storyboard in Resources */,
				C734C6A72B853A7700416B50 /* Assets.xcassets in Resources */,
			);
			runOnlyForDeploymentPostprocessing = 0;
		};
		C734C6AE2B853A7800416B50 /* Resources */ = {
			isa = PBXResourcesBuildPhase;
			buildActionMask = 2147483647;
			files = (
			);
			runOnlyForDeploymentPostprocessing = 0;
		};
		C734C6B82B853A7800416B50 /* Resources */ = {
			isa = PBXResourcesBuildPhase;
			buildActionMask = 2147483647;
			files = (
			);
			runOnlyForDeploymentPostprocessing = 0;
		};
/* End PBXResourcesBuildPhase section */

/* Begin PBXSourcesBuildPhase section */
		C734C6962B853A7600416B50 /* Sources */ = {
			isa = PBXSourcesBuildPhase;
			buildActionMask = 2147483647;
			files = (
				C734C6D42B85497900416B50 /* GFTextField.swift in Sources */,
				C734C6D02B8542C900416B50 /* FavoriteListVC.swift in Sources */,
				C734C6D22B85469400416B50 /* GFButton.swift in Sources */,
				C734C6CE2B85429E00416B50 /* SearchVC.swift in Sources */,
				C734C69E2B853A7600416B50 /* AppDelegate.swift in Sources */,
				C734C6A02B853A7600416B50 /* SceneDelegate.swift in Sources */,
			);
			runOnlyForDeploymentPostprocessing = 0;
		};
		C734C6AC2B853A7800416B50 /* Sources */ = {
			isa = PBXSourcesBuildPhase;
			buildActionMask = 2147483647;
			files = (
				C734C6B52B853A7800416B50 /* GHFollowersTests.swift in Sources */,
			);
			runOnlyForDeploymentPostprocessing = 0;
		};
		C734C6B62B853A7800416B50 /* Sources */ = {
			isa = PBXSourcesBuildPhase;
			buildActionMask = 2147483647;
			files = (
				C734C6BF2B853A7800416B50 /* GHFollowersUITests.swift in Sources */,
				C734C6C12B853A7800416B50 /* GHFollowersUITestsLaunchTests.swift in Sources */,
			);
			runOnlyForDeploymentPostprocessing = 0;
		};
/* End PBXSourcesBuildPhase section */

/* Begin PBXTargetDependency section */
		C734C6B22B853A7800416B50 /* PBXTargetDependency */ = {
			isa = PBXTargetDependency;
			target = C734C6992B853A7600416B50 /* GHFollowers */;
			targetProxy = C734C6B12B853A7800416B50 /* PBXContainerItemProxy */;
		};
		C734C6BC2B853A7800416B50 /* PBXTargetDependency */ = {
			isa = PBXTargetDependency;
			target = C734C6992B853A7600416B50 /* GHFollowers */;
			targetProxy = C734C6BB2B853A7800416B50 /* PBXContainerItemProxy */;
		};
/* End PBXTargetDependency section */

/* Begin PBXVariantGroup section */
		C734C6A82B853A7700416B50 /* LaunchScreen.storyboard */ = {
			isa = PBXVariantGroup;
			children = (
				C734C6A92B853A7700416B50 /* Base */,
			);
			name = LaunchScreen.storyboard;
			sourceTree = "<group>";
		};
/* End PBXVariantGroup section */

/* Begin XCBuildConfiguration section */
		C734C6C22B853A7800416B50 /* Debug */ = {
			isa = XCBuildConfiguration;
			buildSettings = {
				ALWAYS_SEARCH_USER_PATHS = NO;
				ASSETCATALOG_COMPILER_GENERATE_SWIFT_ASSET_SYMBOL_EXTENSIONS = YES;
				CLANG_ANALYZER_NONNULL = YES;
				CLANG_ANALYZER_NUMBER_OBJECT_CONVERSION = YES_AGGRESSIVE;
				CLANG_CXX_LANGUAGE_STANDARD = "gnu++20";
				CLANG_ENABLE_MODULES = YES;
				CLANG_ENABLE_OBJC_ARC = YES;
				CLANG_ENABLE_OBJC_WEAK = YES;
				CLANG_WARN_BLOCK_CAPTURE_AUTORELEASING = YES;
				CLANG_WARN_BOOL_CONVERSION = YES;
				CLANG_WARN_COMMA = YES;
				CLANG_WARN_CONSTANT_CONVERSION = YES;
				CLANG_WARN_DEPRECATED_OBJC_IMPLEMENTATIONS = YES;
				CLANG_WARN_DIRECT_OBJC_ISA_USAGE = YES_ERROR;
				CLANG_WARN_DOCUMENTATION_COMMENTS = YES;
				CLANG_WARN_EMPTY_BODY = YES;
				CLANG_WARN_ENUM_CONVERSION = YES;
				CLANG_WARN_INFINITE_RECURSION = YES;
				CLANG_WARN_INT_CONVERSION = YES;
				CLANG_WARN_NON_LITERAL_NULL_CONVERSION = YES;
				CLANG_WARN_OBJC_IMPLICIT_RETAIN_SELF = YES;
				CLANG_WARN_OBJC_LITERAL_CONVERSION = YES;
				CLANG_WARN_OBJC_ROOT_CLASS = YES_ERROR;
				CLANG_WARN_QUOTED_INCLUDE_IN_FRAMEWORK_HEADER = YES;
				CLANG_WARN_RANGE_LOOP_ANALYSIS = YES;
				CLANG_WARN_STRICT_PROTOTYPES = YES;
				CLANG_WARN_SUSPICIOUS_MOVE = YES;
				CLANG_WARN_UNGUARDED_AVAILABILITY = YES_AGGRESSIVE;
				CLANG_WARN_UNREACHABLE_CODE = YES;
				CLANG_WARN__DUPLICATE_METHOD_MATCH = YES;
				COPY_PHASE_STRIP = NO;
				DEBUG_INFORMATION_FORMAT = dwarf;
				ENABLE_STRICT_OBJC_MSGSEND = YES;
				ENABLE_TESTABILITY = YES;
				ENABLE_USER_SCRIPT_SANDBOXING = YES;
				GCC_C_LANGUAGE_STANDARD = gnu17;
				GCC_DYNAMIC_NO_PIC = NO;
				GCC_NO_COMMON_BLOCKS = YES;
				GCC_OPTIMIZATION_LEVEL = 0;
				GCC_PREPROCESSOR_DEFINITIONS = (
					"DEBUG=1",
					"$(inherited)",
				);
				GCC_WARN_64_TO_32_BIT_CONVERSION = YES;
				GCC_WARN_ABOUT_RETURN_TYPE = YES_ERROR;
				GCC_WARN_UNDECLARED_SELECTOR = YES;
				GCC_WARN_UNINITIALIZED_AUTOS = YES_AGGRESSIVE;
				GCC_WARN_UNUSED_FUNCTION = YES;
				GCC_WARN_UNUSED_VARIABLE = YES;
				IPHONEOS_DEPLOYMENT_TARGET = 17.2;
				LOCALIZATION_PREFERS_STRING_CATALOGS = YES;
				MTL_ENABLE_DEBUG_INFO = INCLUDE_SOURCE;
				MTL_FAST_MATH = YES;
				ONLY_ACTIVE_ARCH = YES;
				SDKROOT = iphoneos;
				SWIFT_ACTIVE_COMPILATION_CONDITIONS = "DEBUG $(inherited)";
				SWIFT_OPTIMIZATION_LEVEL = "-Onone";
			};
			name = Debug;
		};
		C734C6C32B853A7800416B50 /* Release */ = {
			isa = XCBuildConfiguration;
			buildSettings = {
				ALWAYS_SEARCH_USER_PATHS = NO;
				ASSETCATALOG_COMPILER_GENERATE_SWIFT_ASSET_SYMBOL_EXTENSIONS = YES;
				CLANG_ANALYZER_NONNULL = YES;
				CLANG_ANALYZER_NUMBER_OBJECT_CONVERSION = YES_AGGRESSIVE;
				CLANG_CXX_LANGUAGE_STANDARD = "gnu++20";
				CLANG_ENABLE_MODULES = YES;
				CLANG_ENABLE_OBJC_ARC = YES;
				CLANG_ENABLE_OBJC_WEAK = YES;
				CLANG_WARN_BLOCK_CAPTURE_AUTORELEASING = YES;
				CLANG_WARN_BOOL_CONVERSION = YES;
				CLANG_WARN_COMMA = YES;
				CLANG_WARN_CONSTANT_CONVERSION = YES;
				CLANG_WARN_DEPRECATED_OBJC_IMPLEMENTATIONS = YES;
				CLANG_WARN_DIRECT_OBJC_ISA_USAGE = YES_ERROR;
				CLANG_WARN_DOCUMENTATION_COMMENTS = YES;
				CLANG_WARN_EMPTY_BODY = YES;
				CLANG_WARN_ENUM_CONVERSION = YES;
				CLANG_WARN_INFINITE_RECURSION = YES;
				CLANG_WARN_INT_CONVERSION = YES;
				CLANG_WARN_NON_LITERAL_NULL_CONVERSION = YES;
				CLANG_WARN_OBJC_IMPLICIT_RETAIN_SELF = YES;
				CLANG_WARN_OBJC_LITERAL_CONVERSION = YES;
				CLANG_WARN_OBJC_ROOT_CLASS = YES_ERROR;
				CLANG_WARN_QUOTED_INCLUDE_IN_FRAMEWORK_HEADER = YES;
				CLANG_WARN_RANGE_LOOP_ANALYSIS = YES;
				CLANG_WARN_STRICT_PROTOTYPES = YES;
				CLANG_WARN_SUSPICIOUS_MOVE = YES;
				CLANG_WARN_UNGUARDED_AVAILABILITY = YES_AGGRESSIVE;
				CLANG_WARN_UNREACHABLE_CODE = YES;
				CLANG_WARN__DUPLICATE_METHOD_MATCH = YES;
				COPY_PHASE_STRIP = NO;
				DEBUG_INFORMATION_FORMAT = "dwarf-with-dsym";
				ENABLE_NS_ASSERTIONS = NO;
				ENABLE_STRICT_OBJC_MSGSEND = YES;
				ENABLE_USER_SCRIPT_SANDBOXING = YES;
				GCC_C_LANGUAGE_STANDARD = gnu17;
				GCC_NO_COMMON_BLOCKS = YES;
				GCC_WARN_64_TO_32_BIT_CONVERSION = YES;
				GCC_WARN_ABOUT_RETURN_TYPE = YES_ERROR;
				GCC_WARN_UNDECLARED_SELECTOR = YES;
				GCC_WARN_UNINITIALIZED_AUTOS = YES_AGGRESSIVE;
				GCC_WARN_UNUSED_FUNCTION = YES;
				GCC_WARN_UNUSED_VARIABLE = YES;
				IPHONEOS_DEPLOYMENT_TARGET = 17.2;
				LOCALIZATION_PREFERS_STRING_CATALOGS = YES;
				MTL_ENABLE_DEBUG_INFO = NO;
				MTL_FAST_MATH = YES;
				SDKROOT = iphoneos;
				SWIFT_COMPILATION_MODE = wholemodule;
				VALIDATE_PRODUCT = YES;
			};
			name = Release;
		};
		C734C6C52B853A7800416B50 /* Debug */ = {
			isa = XCBuildConfiguration;
			buildSettings = {
				ASSETCATALOG_COMPILER_APPICON_NAME = AppIcon;
				ASSETCATALOG_COMPILER_GLOBAL_ACCENT_COLOR_NAME = AccentColor;
				CODE_SIGN_STYLE = Automatic;
				CURRENT_PROJECT_VERSION = 1;
				DEVELOPMENT_TEAM = GREW8M86PK;
				GENERATE_INFOPLIST_FILE = YES;
				INFOPLIST_FILE = GHFollowers/Info.plist;
				INFOPLIST_KEY_UIApplicationSupportsIndirectInputEvents = YES;
				INFOPLIST_KEY_UILaunchStoryboardName = LaunchScreen;
				INFOPLIST_KEY_UISupportedInterfaceOrientations = UIInterfaceOrientationPortrait;
				INFOPLIST_KEY_UISupportedInterfaceOrientations_iPad = "UIInterfaceOrientationPortrait UIInterfaceOrientationPortraitUpsideDown";
				LD_RUNPATH_SEARCH_PATHS = (
					"$(inherited)",
					"@executable_path/Frameworks",
				);
				MARKETING_VERSION = 1.0;
				PRODUCT_BUNDLE_IDENTIFIER = seagullman.com.GHFollowers;
				PRODUCT_NAME = "$(TARGET_NAME)";
				SWIFT_EMIT_LOC_STRINGS = YES;
				SWIFT_VERSION = 5.0;
				TARGETED_DEVICE_FAMILY = "1,2";
			};
			name = Debug;
		};
		C734C6C62B853A7800416B50 /* Release */ = {
			isa = XCBuildConfiguration;
			buildSettings = {
				ASSETCATALOG_COMPILER_APPICON_NAME = AppIcon;
				ASSETCATALOG_COMPILER_GLOBAL_ACCENT_COLOR_NAME = AccentColor;
				CODE_SIGN_STYLE = Automatic;
				CURRENT_PROJECT_VERSION = 1;
				DEVELOPMENT_TEAM = GREW8M86PK;
				GENERATE_INFOPLIST_FILE = YES;
				INFOPLIST_FILE = GHFollowers/Info.plist;
				INFOPLIST_KEY_UIApplicationSupportsIndirectInputEvents = YES;
				INFOPLIST_KEY_UILaunchStoryboardName = LaunchScreen;
				INFOPLIST_KEY_UISupportedInterfaceOrientations = UIInterfaceOrientationPortrait;
				INFOPLIST_KEY_UISupportedInterfaceOrientations_iPad = "UIInterfaceOrientationPortrait UIInterfaceOrientationPortraitUpsideDown";
				LD_RUNPATH_SEARCH_PATHS = (
					"$(inherited)",
					"@executable_path/Frameworks",
				);
				MARKETING_VERSION = 1.0;
				PRODUCT_BUNDLE_IDENTIFIER = seagullman.com.GHFollowers;
				PRODUCT_NAME = "$(TARGET_NAME)";
				SWIFT_EMIT_LOC_STRINGS = YES;
				SWIFT_VERSION = 5.0;
				TARGETED_DEVICE_FAMILY = "1,2";
			};
			name = Release;
		};
		C734C6C82B853A7800416B50 /* Debug */ = {
			isa = XCBuildConfiguration;
			buildSettings = {
				ALWAYS_EMBED_SWIFT_STANDARD_LIBRARIES = YES;
				BUNDLE_LOADER = "$(TEST_HOST)";
				CODE_SIGN_STYLE = Automatic;
				CURRENT_PROJECT_VERSION = 1;
				DEVELOPMENT_TEAM = GREW8M86PK;
				GENERATE_INFOPLIST_FILE = YES;
				IPHONEOS_DEPLOYMENT_TARGET = 17.2;
				MARKETING_VERSION = 1.0;
				PRODUCT_BUNDLE_IDENTIFIER = seagullman.com.GHFollowersTests;
				PRODUCT_NAME = "$(TARGET_NAME)";
				SWIFT_EMIT_LOC_STRINGS = NO;
				SWIFT_VERSION = 5.0;
				TARGETED_DEVICE_FAMILY = "1,2";
				TEST_HOST = "$(BUILT_PRODUCTS_DIR)/GHFollowers.app/$(BUNDLE_EXECUTABLE_FOLDER_PATH)/GHFollowers";
			};
			name = Debug;
		};
		C734C6C92B853A7800416B50 /* Release */ = {
			isa = XCBuildConfiguration;
			buildSettings = {
				ALWAYS_EMBED_SWIFT_STANDARD_LIBRARIES = YES;
				BUNDLE_LOADER = "$(TEST_HOST)";
				CODE_SIGN_STYLE = Automatic;
				CURRENT_PROJECT_VERSION = 1;
				DEVELOPMENT_TEAM = GREW8M86PK;
				GENERATE_INFOPLIST_FILE = YES;
				IPHONEOS_DEPLOYMENT_TARGET = 17.2;
				MARKETING_VERSION = 1.0;
				PRODUCT_BUNDLE_IDENTIFIER = seagullman.com.GHFollowersTests;
				PRODUCT_NAME = "$(TARGET_NAME)";
				SWIFT_EMIT_LOC_STRINGS = NO;
				SWIFT_VERSION = 5.0;
				TARGETED_DEVICE_FAMILY = "1,2";
				TEST_HOST = "$(BUILT_PRODUCTS_DIR)/GHFollowers.app/$(BUNDLE_EXECUTABLE_FOLDER_PATH)/GHFollowers";
			};
			name = Release;
		};
		C734C6CB2B853A7800416B50 /* Debug */ = {
			isa = XCBuildConfiguration;
			buildSettings = {
				ALWAYS_EMBED_SWIFT_STANDARD_LIBRARIES = YES;
				CODE_SIGN_STYLE = Automatic;
				CURRENT_PROJECT_VERSION = 1;
				DEVELOPMENT_TEAM = GREW8M86PK;
				GENERATE_INFOPLIST_FILE = YES;
				MARKETING_VERSION = 1.0;
				PRODUCT_BUNDLE_IDENTIFIER = seagullman.com.GHFollowersUITests;
				PRODUCT_NAME = "$(TARGET_NAME)";
				SWIFT_EMIT_LOC_STRINGS = NO;
				SWIFT_VERSION = 5.0;
				TARGETED_DEVICE_FAMILY = "1,2";
				TEST_TARGET_NAME = GHFollowers;
			};
			name = Debug;
		};
		C734C6CC2B853A7800416B50 /* Release */ = {
			isa = XCBuildConfiguration;
			buildSettings = {
				ALWAYS_EMBED_SWIFT_STANDARD_LIBRARIES = YES;
				CODE_SIGN_STYLE = Automatic;
				CURRENT_PROJECT_VERSION = 1;
				DEVELOPMENT_TEAM = GREW8M86PK;
				GENERATE_INFOPLIST_FILE = YES;
				MARKETING_VERSION = 1.0;
				PRODUCT_BUNDLE_IDENTIFIER = seagullman.com.GHFollowersUITests;
				PRODUCT_NAME = "$(TARGET_NAME)";
				SWIFT_EMIT_LOC_STRINGS = NO;
				SWIFT_VERSION = 5.0;
				TARGETED_DEVICE_FAMILY = "1,2";
				TEST_TARGET_NAME = GHFollowers;
			};
			name = Release;
		};
/* End XCBuildConfiguration section */

/* Begin XCConfigurationList section */
		C734C6952B853A7600416B50 /* Build configuration list for PBXProject "GHFollowers" */ = {
			isa = XCConfigurationList;
			buildConfigurations = (
				C734C6C22B853A7800416B50 /* Debug */,
				C734C6C32B853A7800416B50 /* Release */,
			);
			defaultConfigurationIsVisible = 0;
			defaultConfigurationName = Release;
		};
		C734C6C42B853A7800416B50 /* Build configuration list for PBXNativeTarget "GHFollowers" */ = {
			isa = XCConfigurationList;
			buildConfigurations = (
				C734C6C52B853A7800416B50 /* Debug */,
				C734C6C62B853A7800416B50 /* Release */,
			);
			defaultConfigurationIsVisible = 0;
			defaultConfigurationName = Release;
		};
		C734C6C72B853A7800416B50 /* Build configuration list for PBXNativeTarget "GHFollowersTests" */ = {
			isa = XCConfigurationList;
			buildConfigurations = (
				C734C6C82B853A7800416B50 /* Debug */,
				C734C6C92B853A7800416B50 /* Release */,
			);
			defaultConfigurationIsVisible = 0;
			defaultConfigurationName = Release;
		};
		C734C6CA2B853A7800416B50 /* Build configuration list for PBXNativeTarget "GHFollowersUITests" */ = {
			isa = XCConfigurationList;
			buildConfigurations = (
				C734C6CB2B853A7800416B50 /* Debug */,
				C734C6CC2B853A7800416B50 /* Release */,
			);
			defaultConfigurationIsVisible = 0;
			defaultConfigurationName = Release;
		};
/* End XCConfigurationList section */
	};
	rootObject = C734C6922B853A7600416B50 /* Project object */;
}
